
Microsoft Visual Studio Solution File, Format Version 12.00
# Visual Studio Version 17
VisualStudioVersion = 17.5.33530.505
MinimumVisualStudioVersion = 10.0.40219.1
Project("{FAE04EC0-301F-11D3-BF4B-00C04F79EFBC}") = "LMS", "LMS\LMS.csproj", "{366819BB-D40B-4754-AC52-8329BD48C181}"
EndProject
Global
	GlobalSection(SolutionConfigurationPlatforms) = preSolution
		Debug|Any CPU = Debug|Any CPU
		Release|Any CPU = Release|Any CPU
	EndGlobalSection
	GlobalSection(ProjectConfigurationPlatforms) = postSolution
		{366819BB-D40B-4754-AC52-8329BD48C181}.Debug|Any CPU.ActiveCfg = Debug|Any CPU
		{366819BB-D40B-4754-AC52-8329BD48C181}.Debug|Any CPU.Build.0 = Debug|Any CPU
		{366819BB-D40B-4754-AC52-8329BD48C181}.Release|Any CPU.ActiveCfg = Release|Any CPU
		{366819BB-D40B-4754-AC52-8329BD48C181}.Release|Any CPU.Build.0 = Release|Any CPU
	EndGlobalSection
	GlobalSection(SolutionProperties) = preSolution
		HideSolutionNode = FALSE
	EndGlobalSection
	GlobalSection(ExtensibilityGlobals) = postSolution
		SolutionGuid = {1A8B4C26-E0FB-44F2-89C0-455A950F4578}
	EndGlobalSection
EndGlobal
